
Microsoft Visual Studio Solution File, Format Version 12.00
# Visual Studio 15
VisualStudioVersion = 15.0.27703.2035
MinimumVisualStudioVersion = 10.0.40219.1
Project("{9A19103F-16F7-4668-BE54-9A1E7A4F7556}") = "Devon4Net.Domain.Context", "Devon4Net.Domain.Context\src\Devon4Net.Domain.Context.csproj", "{1F21ED73-0D18-4892-9A6A-9936A19225BF}"
EndProject
Project("{9A19103F-16F7-4668-BE54-9A1E7A4F7556}") = "Devon4Net.Domain.UnitOfWork", "Devon4Net.Domain.UnitOfWork\src\Devon4Net.Domain.UnitOfWork.csproj", "{2B5E4A85-C120-4A9E-9203-77EC9F613EEC}"
EndProject
Project("{9A19103F-16F7-4668-BE54-9A1E7A4F7556}") = "Devon4Net.Infrastructure.AOP", "Devon4Net.Infrastructure.AOP\src\Devon4Net.Infrastructure.AOP.csproj", "{374D0561-689C-45FE-AB40-BB7DB02DD56E}"
EndProject
Project("{9A19103F-16F7-4668-BE54-9A1E7A4F7556}") = "Devon4Net.Infrastructure.ApplicationUser", "Devon4Net.Infrastructure.ApplicationUser\src\Devon4Net.Infrastructure.ApplicationUser.csproj", "{B0AE2390-267F-45F4-88E0-C7454C37A020}"
EndProject
Project("{9A19103F-16F7-4668-BE54-9A1E7A4F7556}") = "Devon4Net.Infrastructure.CircuitBreaker", "Devon4Net.Infrastructure.CircuitBreaker\src\Devon4Net.Infrastructure.CircuitBreaker.csproj", "{EA810787-32FC-47C2-9CBD-A8F9FD138377}"
EndProject
Project("{9A19103F-16F7-4668-BE54-9A1E7A4F7556}") = "Devon4Net.Infrastructure.Communication", "Devon4Net.Infrastructure.Communication\src\Devon4Net.Infrastructure.Communication.csproj", "{A92635C9-1C54-414F-A009-C6749CC6A4EA}"
EndProject
Project("{9A19103F-16F7-4668-BE54-9A1E7A4F7556}") = "Devon4Net.Infrastructure.Cors", "Devon4Net.Infrastructure.Cors\src\Devon4Net.Infrastructure.Cors.csproj", "{C73654D3-19A6-4405-87F6-29FA65BDB536}"
EndProject
Project("{9A19103F-16F7-4668-BE54-9A1E7A4F7556}") = "Devon4Net.Infrastructure.Extensions", "Devon4Net.Infrastructure.Extensions\src\Devon4Net.Infrastructure.Extensions.csproj", "{D2A91570-0F00-46D5-8C8B-5554F0AEB610}"
EndProject
Project("{9A19103F-16F7-4668-BE54-9A1E7A4F7556}") = "Devon4Net.Infrastructure.JWT", "Devon4Net.Infrastructure.JWT\src\Devon4Net.Infrastructure.JWT.csproj", "{05F6DDAA-FB32-4F92-9711-912F3B3DCE71}"
EndProject
Project("{9A19103F-16F7-4668-BE54-9A1E7A4F7556}") = "Devon4Net.Infrastructure.JWT.MVC", "Devon4Net.Infrastructure.JWT.MVC\src\Devon4Net.Infrastructure.JWT.MVC.csproj", "{C1745951-BB20-4C20-B9D8-10AA014CED20}"
EndProject
Project("{9A19103F-16F7-4668-BE54-9A1E7A4F7556}") = "Devon4Net.Infrastructure.Log", "Devon4Net.Infrastructure.Log\src\Devon4Net.Infrastructure.Log.csproj", "{1E543C98-A29E-4B50-804B-2507821B3DC9}"
EndProject
Project("{9A19103F-16F7-4668-BE54-9A1E7A4F7556}") = "Devon4Net.Infrastructure.Middleware", "Devon4Net.Infrastructure.Middleware\src\Devon4Net.Infrastructure.Middleware.csproj", "{AA22181E-F5F6-429F-9932-635AEB69E3F6}"
EndProject
Project("{9A19103F-16F7-4668-BE54-9A1E7A4F7556}") = "Devon4Net.Infrastructure.MVC", "Devon4Net.Infrastructure.MVC\src\Devon4Net.Infrastructure.MVC.csproj", "{32978EDC-0145-4BA6-8268-5B4814E6E870}"
EndProject
Project("{9A19103F-16F7-4668-BE54-9A1E7A4F7556}") = "Devon4Net.Infrastructure.SMTP", "Devon4Net.Infrastructure.SMTP\src\Devon4Net.Infrastructure.SMTP.csproj", "{D54AD298-FD75-44CA-BAE0-FC7147396B9D}"
EndProject
Project("{9A19103F-16F7-4668-BE54-9A1E7A4F7556}") = "Devon4Net.Infrastructure.Swagger", "Devon4Net.Infrastructure.Swagger\src\Devon4Net.Infrastructure.Swagger.csproj", "{1194F89B-A0F4-4493-AF68-0EEC6A92155D}"
EndProject
Project("{9A19103F-16F7-4668-BE54-9A1E7A4F7556}") = "Devon4Net.Infrastructure.Test", "Devon4Net.Infrastructure.Test\src\Devon4Net.Infrastructure.Test.csproj", "{5F171890-1CCA-4E90-A5EB-8D30E05EA079}"
EndProject
Global
	GlobalSection(SolutionConfigurationPlatforms) = preSolution
		Debug|Any CPU = Debug|Any CPU
		Release|Any CPU = Release|Any CPU
	EndGlobalSection
	GlobalSection(ProjectConfigurationPlatforms) = postSolution
		{1F21ED73-0D18-4892-9A6A-9936A19225BF}.Debug|Any CPU.ActiveCfg = Debug|Any CPU
		{1F21ED73-0D18-4892-9A6A-9936A19225BF}.Debug|Any CPU.Build.0 = Debug|Any CPU
		{1F21ED73-0D18-4892-9A6A-9936A19225BF}.Release|Any CPU.ActiveCfg = Release|Any CPU
		{1F21ED73-0D18-4892-9A6A-9936A19225BF}.Release|Any CPU.Build.0 = Release|Any CPU
		{2B5E4A85-C120-4A9E-9203-77EC9F613EEC}.Debug|Any CPU.ActiveCfg = Debug|Any CPU
		{2B5E4A85-C120-4A9E-9203-77EC9F613EEC}.Debug|Any CPU.Build.0 = Debug|Any CPU
		{2B5E4A85-C120-4A9E-9203-77EC9F613EEC}.Release|Any CPU.ActiveCfg = Release|Any CPU
		{2B5E4A85-C120-4A9E-9203-77EC9F613EEC}.Release|Any CPU.Build.0 = Release|Any CPU
		{374D0561-689C-45FE-AB40-BB7DB02DD56E}.Debug|Any CPU.ActiveCfg = Debug|Any CPU
		{374D0561-689C-45FE-AB40-BB7DB02DD56E}.Debug|Any CPU.Build.0 = Debug|Any CPU
		{374D0561-689C-45FE-AB40-BB7DB02DD56E}.Release|Any CPU.ActiveCfg = Release|Any CPU
		{374D0561-689C-45FE-AB40-BB7DB02DD56E}.Release|Any CPU.Build.0 = Release|Any CPU
		{B0AE2390-267F-45F4-88E0-C7454C37A020}.Debug|Any CPU.ActiveCfg = Debug|Any CPU
		{B0AE2390-267F-45F4-88E0-C7454C37A020}.Debug|Any CPU.Build.0 = Debug|Any CPU
		{B0AE2390-267F-45F4-88E0-C7454C37A020}.Release|Any CPU.ActiveCfg = Release|Any CPU
		{B0AE2390-267F-45F4-88E0-C7454C37A020}.Release|Any CPU.Build.0 = Release|Any CPU
		{EA810787-32FC-47C2-9CBD-A8F9FD138377}.Debug|Any CPU.ActiveCfg = Debug|Any CPU
		{EA810787-32FC-47C2-9CBD-A8F9FD138377}.Debug|Any CPU.Build.0 = Debug|Any CPU
		{EA810787-32FC-47C2-9CBD-A8F9FD138377}.Release|Any CPU.ActiveCfg = Release|Any CPU
		{EA810787-32FC-47C2-9CBD-A8F9FD138377}.Release|Any CPU.Build.0 = Release|Any CPU
		{A92635C9-1C54-414F-A009-C6749CC6A4EA}.Debug|Any CPU.ActiveCfg = Debug|Any CPU
		{A92635C9-1C54-414F-A009-C6749CC6A4EA}.Debug|Any CPU.Build.0 = Debug|Any CPU
		{A92635C9-1C54-414F-A009-C6749CC6A4EA}.Release|Any CPU.ActiveCfg = Release|Any CPU
		{A92635C9-1C54-414F-A009-C6749CC6A4EA}.Release|Any CPU.Build.0 = Release|Any CPU
		{C73654D3-19A6-4405-87F6-29FA65BDB536}.Debug|Any CPU.ActiveCfg = Debug|Any CPU
		{C73654D3-19A6-4405-87F6-29FA65BDB536}.Debug|Any CPU.Build.0 = Debug|Any CPU
		{C73654D3-19A6-4405-87F6-29FA65BDB536}.Release|Any CPU.ActiveCfg = Release|Any CPU
		{C73654D3-19A6-4405-87F6-29FA65BDB536}.Release|Any CPU.Build.0 = Release|Any CPU
		{D2A91570-0F00-46D5-8C8B-5554F0AEB610}.Debug|Any CPU.ActiveCfg = Debug|Any CPU
		{D2A91570-0F00-46D5-8C8B-5554F0AEB610}.Debug|Any CPU.Build.0 = Debug|Any CPU
		{D2A91570-0F00-46D5-8C8B-5554F0AEB610}.Release|Any CPU.ActiveCfg = Release|Any CPU
		{D2A91570-0F00-46D5-8C8B-5554F0AEB610}.Release|Any CPU.Build.0 = Release|Any CPU
		{05F6DDAA-FB32-4F92-9711-912F3B3DCE71}.Debug|Any CPU.ActiveCfg = Debug|Any CPU
		{05F6DDAA-FB32-4F92-9711-912F3B3DCE71}.Debug|Any CPU.Build.0 = Debug|Any CPU
		{05F6DDAA-FB32-4F92-9711-912F3B3DCE71}.Release|Any CPU.ActiveCfg = Release|Any CPU
		{05F6DDAA-FB32-4F92-9711-912F3B3DCE71}.Release|Any CPU.Build.0 = Release|Any CPU
		{C1745951-BB20-4C20-B9D8-10AA014CED20}.Debug|Any CPU.ActiveCfg = Debug|Any CPU
		{C1745951-BB20-4C20-B9D8-10AA014CED20}.Debug|Any CPU.Build.0 = Debug|Any CPU
		{C1745951-BB20-4C20-B9D8-10AA014CED20}.Release|Any CPU.ActiveCfg = Release|Any CPU
		{C1745951-BB20-4C20-B9D8-10AA014CED20}.Release|Any CPU.Build.0 = Release|Any CPU
		{1E543C98-A29E-4B50-804B-2507821B3DC9}.Debug|Any CPU.ActiveCfg = Debug|Any CPU
		{1E543C98-A29E-4B50-804B-2507821B3DC9}.Debug|Any CPU.Build.0 = Debug|Any CPU
		{1E543C98-A29E-4B50-804B-2507821B3DC9}.Release|Any CPU.ActiveCfg = Release|Any CPU
		{1E543C98-A29E-4B50-804B-2507821B3DC9}.Release|Any CPU.Build.0 = Release|Any CPU
		{AA22181E-F5F6-429F-9932-635AEB69E3F6}.Debug|Any CPU.ActiveCfg = Debug|Any CPU
		{AA22181E-F5F6-429F-9932-635AEB69E3F6}.Debug|Any CPU.Build.0 = Debug|Any CPU
		{AA22181E-F5F6-429F-9932-635AEB69E3F6}.Release|Any CPU.ActiveCfg = Release|Any CPU
		{AA22181E-F5F6-429F-9932-635AEB69E3F6}.Release|Any CPU.Build.0 = Release|Any CPU
		{32978EDC-0145-4BA6-8268-5B4814E6E870}.Debug|Any CPU.ActiveCfg = Debug|Any CPU
		{32978EDC-0145-4BA6-8268-5B4814E6E870}.Debug|Any CPU.Build.0 = Debug|Any CPU
		{32978EDC-0145-4BA6-8268-5B4814E6E870}.Release|Any CPU.ActiveCfg = Release|Any CPU
		{32978EDC-0145-4BA6-8268-5B4814E6E870}.Release|Any CPU.Build.0 = Release|Any CPU
		{D54AD298-FD75-44CA-BAE0-FC7147396B9D}.Debug|Any CPU.ActiveCfg = Debug|Any CPU
		{D54AD298-FD75-44CA-BAE0-FC7147396B9D}.Debug|Any CPU.Build.0 = Debug|Any CPU
		{D54AD298-FD75-44CA-BAE0-FC7147396B9D}.Release|Any CPU.ActiveCfg = Release|Any CPU
		{D54AD298-FD75-44CA-BAE0-FC7147396B9D}.Release|Any CPU.Build.0 = Release|Any CPU
		{1194F89B-A0F4-4493-AF68-0EEC6A92155D}.Debug|Any CPU.ActiveCfg = Debug|Any CPU
		{1194F89B-A0F4-4493-AF68-0EEC6A92155D}.Debug|Any CPU.Build.0 = Debug|Any CPU
		{1194F89B-A0F4-4493-AF68-0EEC6A92155D}.Release|Any CPU.ActiveCfg = Release|Any CPU
		{1194F89B-A0F4-4493-AF68-0EEC6A92155D}.Release|Any CPU.Build.0 = Release|Any CPU
		{5F171890-1CCA-4E90-A5EB-8D30E05EA079}.Debug|Any CPU.ActiveCfg = Debug|Any CPU
		{5F171890-1CCA-4E90-A5EB-8D30E05EA079}.Debug|Any CPU.Build.0 = Debug|Any CPU
		{5F171890-1CCA-4E90-A5EB-8D30E05EA079}.Release|Any CPU.ActiveCfg = Release|Any CPU
		{5F171890-1CCA-4E90-A5EB-8D30E05EA079}.Release|Any CPU.Build.0 = Release|Any CPU
	EndGlobalSection
	GlobalSection(SolutionProperties) = preSolution
		HideSolutionNode = FALSE
	EndGlobalSection
	GlobalSection(ExtensibilityGlobals) = postSolution
		SolutionGuid = {7D34871D-9AF5-4015-BA36-D95642779383}
	EndGlobalSection
EndGlobal
