
Microsoft Visual Studio Solution File, Format Version 12.00
# Visual Studio 15
VisualStudioVersion = 15.0.27703.2035
MinimumVisualStudioVersion = 10.0.40219.1
Project("{9A19103F-16F7-4668-BE54-9A1E7A4F7556}") = "OASP4Net.Infrastructure.Cors", "src\OASP4Net.Infrastructure.Cors.csproj", "{AEF46CB1-0201-4E44-A352-B72A736BF1BF}"
EndProject
Global
	GlobalSection(SolutionConfigurationPlatforms) = preSolution
		Debug|Any CPU = Debug|Any CPU
		Release|Any CPU = Release|Any CPU
	EndGlobalSection
	GlobalSection(ProjectConfigurationPlatforms) = postSolution
		{AEF46CB1-0201-4E44-A352-B72A736BF1BF}.Debug|Any CPU.ActiveCfg = Debug|Any CPU
		{AEF46CB1-0201-4E44-A352-B72A736BF1BF}.Debug|Any CPU.Build.0 = Debug|Any CPU
		{AEF46CB1-0201-4E44-A352-B72A736BF1BF}.Release|Any CPU.ActiveCfg = Release|Any CPU
		{AEF46CB1-0201-4E44-A352-B72A736BF1BF}.Release|Any CPU.Build.0 = Release|Any CPU
	EndGlobalSection
	GlobalSection(SolutionProperties) = preSolution
		HideSolutionNode = FALSE
	EndGlobalSection
	GlobalSection(ExtensibilityGlobals) = postSolution
		SolutionGuid = {CBF1E9CE-B73E-4E6C-A0BB-1739610D48A6}
	EndGlobalSection
EndGlobal
