
Microsoft Visual Studio Solution File, Format Version 12.00
# Visual Studio 15
VisualStudioVersion = 15.0.27703.2035
MinimumVisualStudioVersion = 10.0.40219.1
Project("{9A19103F-16F7-4668-BE54-9A1E7A4F7556}") = "Devon4Net.Domain.UnitOfWork", "src\Devon4Net.Domain.UnitOfWork.csproj", "{82205C4E-6FDC-4121-9D2A-F0D3ED90DEB0}"
EndProject
Global
	GlobalSection(SolutionConfigurationPlatforms) = preSolution
		Debug|Any CPU = Debug|Any CPU
		Release|Any CPU = Release|Any CPU
	EndGlobalSection
	GlobalSection(ProjectConfigurationPlatforms) = postSolution
		{82205C4E-6FDC-4121-9D2A-F0D3ED90DEB0}.Debug|Any CPU.ActiveCfg = Debug|Any CPU
		{82205C4E-6FDC-4121-9D2A-F0D3ED90DEB0}.Debug|Any CPU.Build.0 = Debug|Any CPU
		{82205C4E-6FDC-4121-9D2A-F0D3ED90DEB0}.Release|Any CPU.ActiveCfg = Release|Any CPU
		{82205C4E-6FDC-4121-9D2A-F0D3ED90DEB0}.Release|Any CPU.Build.0 = Release|Any CPU
	EndGlobalSection
	GlobalSection(SolutionProperties) = preSolution
		HideSolutionNode = FALSE
	EndGlobalSection
	GlobalSection(ExtensibilityGlobals) = postSolution
		SolutionGuid = {52703F49-6A10-4091-AEA0-DBB34DB10645}
	EndGlobalSection
EndGlobal
