
Microsoft Visual Studio Solution File, Format Version 12.00
# Visual Studio 15
VisualStudioVersion = 15.0.27703.2035
MinimumVisualStudioVersion = 10.0.40219.1
Project("{9A19103F-16F7-4668-BE54-9A1E7A4F7556}") = "OASP4Net.Infrastructure.SMTP", "src\OASP4Net.Infrastructure.SMTP.csproj", "{AFED296A-7D02-41B9-9BAA-577F451E676F}"
EndProject
Global
	GlobalSection(SolutionConfigurationPlatforms) = preSolution
		Debug|Any CPU = Debug|Any CPU
		Release|Any CPU = Release|Any CPU
	EndGlobalSection
	GlobalSection(ProjectConfigurationPlatforms) = postSolution
		{AFED296A-7D02-41B9-9BAA-577F451E676F}.Debug|Any CPU.ActiveCfg = Debug|Any CPU
		{AFED296A-7D02-41B9-9BAA-577F451E676F}.Debug|Any CPU.Build.0 = Debug|Any CPU
		{AFED296A-7D02-41B9-9BAA-577F451E676F}.Release|Any CPU.ActiveCfg = Release|Any CPU
		{AFED296A-7D02-41B9-9BAA-577F451E676F}.Release|Any CPU.Build.0 = Release|Any CPU
	EndGlobalSection
	GlobalSection(SolutionProperties) = preSolution
		HideSolutionNode = FALSE
	EndGlobalSection
	GlobalSection(ExtensibilityGlobals) = postSolution
		SolutionGuid = {F34963AC-5FE5-4DC9-A126-0A3CBB786D5E}
	EndGlobalSection
EndGlobal
