
Microsoft Visual Studio Solution File, Format Version 12.00
# Visual Studio 15
VisualStudioVersion = 15.0.27703.2035
MinimumVisualStudioVersion = 10.0.40219.1
Project("{9A19103F-16F7-4668-BE54-9A1E7A4F7556}") = "OASP4Net.Infrastructure.Swagger", "src\OASP4Net.Infrastructure.Swagger.csproj", "{6FB70DEA-6BBE-46A4-8181-E5B03DE334FA}"
EndProject
Global
	GlobalSection(SolutionConfigurationPlatforms) = preSolution
		Debug|Any CPU = Debug|Any CPU
		Release|Any CPU = Release|Any CPU
	EndGlobalSection
	GlobalSection(ProjectConfigurationPlatforms) = postSolution
		{6FB70DEA-6BBE-46A4-8181-E5B03DE334FA}.Debug|Any CPU.ActiveCfg = Debug|Any CPU
		{6FB70DEA-6BBE-46A4-8181-E5B03DE334FA}.Debug|Any CPU.Build.0 = Debug|Any CPU
		{6FB70DEA-6BBE-46A4-8181-E5B03DE334FA}.Release|Any CPU.ActiveCfg = Release|Any CPU
		{6FB70DEA-6BBE-46A4-8181-E5B03DE334FA}.Release|Any CPU.Build.0 = Release|Any CPU
	EndGlobalSection
	GlobalSection(SolutionProperties) = preSolution
		HideSolutionNode = FALSE
	EndGlobalSection
	GlobalSection(ExtensibilityGlobals) = postSolution
		SolutionGuid = {BEC6BAA8-3EBE-4044-9160-DA11C3B5C98D}
	EndGlobalSection
EndGlobal
