
Microsoft Visual Studio Solution File, Format Version 12.00
# Visual Studio 15
VisualStudioVersion = 15.0.27130.2026
MinimumVisualStudioVersion = 10.0.40219.1
Project("{9A19103F-16F7-4668-BE54-9A1E7A4F7556}") = "Devon4Net.Application.WebAPI", "Devon4Net.Application.WebAPI\Devon4Net.Application.WebAPI.csproj", "{E9222A72-4796-45CB-A142-99098BBFBD0A}"
EndProject
Project("{2150E333-8FDC-42A3-9474-1A3956D46DE8}") = "Application", "Application", "{7FB0E900-7260-4D2B-B372-BEE897123CF7}"
EndProject
Project("{2150E333-8FDC-42A3-9474-1A3956D46DE8}") = "Bussiness", "Bussiness", "{4E075D54-BB36-4232-9ADA-66C58ACA48AA}"
EndProject
Project("{2150E333-8FDC-42A3-9474-1A3956D46DE8}") = "Domain", "Domain", "{96FCCD68-0779-485C-8A6F-770FD894EC05}"
EndProject
Project("{2150E333-8FDC-42A3-9474-1A3956D46DE8}") = "Test", "Test", "{02B15720-20CB-4584-9408-191DD274F4C2}"
EndProject
Project("{9A19103F-16F7-4668-BE54-9A1E7A4F7556}") = "Devon4Net.Business.Common", "Devon4Net.Business.Common\Devon4Net.Business.Common.csproj", "{34FD4102-8944-4C43-9F29-039E14A993F7}"
EndProject
Project("{9A19103F-16F7-4668-BE54-9A1E7A4F7556}") = "Devon4Net.Domain.Entities", "Devon4Net.Domain.Entities\Devon4Net.Domain.Entities.csproj", "{65175384-48D9-4EEE-B53A-2D53A545EF03}"
EndProject
Project("{9A19103F-16F7-4668-BE54-9A1E7A4F7556}") = "Devon4Net.Application.Configuration", "Devon4Net.Application.Configuration\Devon4Net.Application.Configuration.csproj", "{2E3D3663-FF06-40A5-A17D-322EA38A716B}"
EndProject
Project("{9A19103F-16F7-4668-BE54-9A1E7A4F7556}") = "Devon4Net.Test", "Devon4Net.Test\Devon4Net.Test.csproj", "{A2CD5415-E72B-4A64-A2D7-12B8BC4A23FE}"
EndProject
Project("{2150E333-8FDC-42A3-9474-1A3956D46DE8}") = "Infrastructure", "Infrastructure", "{6E915A27-7432-4148-9D54-72DFA471DED5}"
EndProject
Project("{2150E333-8FDC-42A3-9474-1A3956D46DE8}") = "API", "API", "{EDB4BC7E-B4CA-4338-9C9A-9B5F9AF0937D}"
EndProject
Project("{2150E333-8FDC-42A3-9474-1A3956D46DE8}") = "Modules", "Modules", "{85786C88-3AFE-4B47-9A65-021B890850C3}"
EndProject
Project("{9A19103F-16F7-4668-BE54-9A1E7A4F7556}") = "Devon4Net.Domain.Context", "..\..\..\Modules\Devon4Net.Domain.Context\src\Devon4Net.Domain.Context.csproj", "{E5E4B627-0577-405C-BA19-152BA2157A6D}"
EndProject
Project("{9A19103F-16F7-4668-BE54-9A1E7A4F7556}") = "Devon4Net.Domain.UnitOfWork", "..\..\..\Modules\Devon4Net.Domain.UnitOfWork\src\Devon4Net.Domain.UnitOfWork.csproj", "{358815A9-07FE-4D7D-9EF5-0DC7D33FAE15}"
EndProject
Project("{9A19103F-16F7-4668-BE54-9A1E7A4F7556}") = "Devon4Net.Infrastructure.AOP", "..\..\..\Modules\Devon4Net.Infrastructure.AOP\src\Devon4Net.Infrastructure.AOP.csproj", "{FD2965AF-856A-4080-98CC-F66CDD3CBBA2}"
EndProject
Project("{9A19103F-16F7-4668-BE54-9A1E7A4F7556}") = "Devon4Net.Infrastructure.ApplicationUser", "..\..\..\Modules\Devon4Net.Infrastructure.ApplicationUser\src\Devon4Net.Infrastructure.ApplicationUser.csproj", "{72FF6593-CC80-42F0-8C6B-65E7DDDAFB33}"
EndProject
Project("{9A19103F-16F7-4668-BE54-9A1E7A4F7556}") = "Devon4Net.Infrastructure.CircuitBreaker", "..\..\..\Modules\Devon4Net.Infrastructure.CircuitBreaker\src\Devon4Net.Infrastructure.CircuitBreaker.csproj", "{82065D00-B4CD-4AEC-A88D-C05ED3F3813E}"
EndProject
Project("{9A19103F-16F7-4668-BE54-9A1E7A4F7556}") = "Devon4Net.Infrastructure.Communication", "..\..\..\Modules\Devon4Net.Infrastructure.Communication\src\Devon4Net.Infrastructure.Communication.csproj", "{C456131A-15AF-4EC7-AAEF-9B8E0CFB8A24}"
EndProject
Project("{9A19103F-16F7-4668-BE54-9A1E7A4F7556}") = "Devon4Net.Infrastructure.Cors", "..\..\..\Modules\Devon4Net.Infrastructure.Cors\src\Devon4Net.Infrastructure.Cors.csproj", "{4D45250E-BE34-4395-A013-E2FBABA0C999}"
EndProject
Project("{9A19103F-16F7-4668-BE54-9A1E7A4F7556}") = "Devon4Net.Infrastructure.Extensions", "..\..\..\Modules\Devon4Net.Infrastructure.Extensions\src\Devon4Net.Infrastructure.Extensions.csproj", "{F3F55080-27FE-4CFC-9CC5-76413BD88D37}"
EndProject
Project("{9A19103F-16F7-4668-BE54-9A1E7A4F7556}") = "Devon4Net.Infrastructure.JWT", "..\..\..\Modules\Devon4Net.Infrastructure.JWT\src\Devon4Net.Infrastructure.JWT.csproj", "{D3F74361-EF5A-468C-BA0E-B7BD1B33390F}"
EndProject
Project("{9A19103F-16F7-4668-BE54-9A1E7A4F7556}") = "Devon4Net.Infrastructure.JWT.MVC", "..\..\..\Modules\Devon4Net.Infrastructure.JWT.MVC\src\Devon4Net.Infrastructure.JWT.MVC.csproj", "{D9F4796E-88AE-478B-9D27-7EC85C530245}"
EndProject
Project("{9A19103F-16F7-4668-BE54-9A1E7A4F7556}") = "Devon4Net.Infrastructure.Log", "..\..\..\Modules\Devon4Net.Infrastructure.Log\src\Devon4Net.Infrastructure.Log.csproj", "{ACEAA207-B428-4D7D-96C4-13CF6F8A3226}"
EndProject
Project("{9A19103F-16F7-4668-BE54-9A1E7A4F7556}") = "Devon4Net.Infrastructure.Middleware", "..\..\..\Modules\Devon4Net.Infrastructure.Middleware\src\Devon4Net.Infrastructure.Middleware.csproj", "{A8FDA4B8-03E8-4498-B451-EB7766162973}"
EndProject
Project("{9A19103F-16F7-4668-BE54-9A1E7A4F7556}") = "Devon4Net.Infrastructure.MVC", "..\..\..\Modules\Devon4Net.Infrastructure.MVC\src\Devon4Net.Infrastructure.MVC.csproj", "{942EA6E7-5B62-484C-A34F-5652E4F3EA60}"
EndProject
Project("{9A19103F-16F7-4668-BE54-9A1E7A4F7556}") = "Devon4Net.Infrastructure.SMTP", "..\..\..\Modules\Devon4Net.Infrastructure.SMTP\src\Devon4Net.Infrastructure.SMTP.csproj", "{762D024A-E6E8-4CC6-82A1-98FA4BB70C52}"
EndProject
Project("{9A19103F-16F7-4668-BE54-9A1E7A4F7556}") = "Devon4Net.Infrastructure.Swagger", "..\..\..\Modules\Devon4Net.Infrastructure.Swagger\src\Devon4Net.Infrastructure.Swagger.csproj", "{F71B89F4-68A8-4A9D-AE26-B1928A3A30F3}"
EndProject
Project("{9A19103F-16F7-4668-BE54-9A1E7A4F7556}") = "Devon4Net.Infrastructure.Test", "..\..\..\Modules\Devon4Net.Infrastructure.Test\src\Devon4Net.Infrastructure.Test.csproj", "{1E61647B-7F64-412B-9186-23FF0CD87E01}"
EndProject
Global
	GlobalSection(SolutionConfigurationPlatforms) = preSolution
		Debug|Any CPU = Debug|Any CPU
		Release|Any CPU = Release|Any CPU
	EndGlobalSection
	GlobalSection(ProjectConfigurationPlatforms) = postSolution
		{E9222A72-4796-45CB-A142-99098BBFBD0A}.Debug|Any CPU.ActiveCfg = Debug|Any CPU
		{E9222A72-4796-45CB-A142-99098BBFBD0A}.Debug|Any CPU.Build.0 = Debug|Any CPU
		{E9222A72-4796-45CB-A142-99098BBFBD0A}.Release|Any CPU.ActiveCfg = Release|Any CPU
		{E9222A72-4796-45CB-A142-99098BBFBD0A}.Release|Any CPU.Build.0 = Release|Any CPU
		{34FD4102-8944-4C43-9F29-039E14A993F7}.Debug|Any CPU.ActiveCfg = Debug|Any CPU
		{34FD4102-8944-4C43-9F29-039E14A993F7}.Debug|Any CPU.Build.0 = Debug|Any CPU
		{34FD4102-8944-4C43-9F29-039E14A993F7}.Release|Any CPU.ActiveCfg = Release|Any CPU
		{34FD4102-8944-4C43-9F29-039E14A993F7}.Release|Any CPU.Build.0 = Release|Any CPU
		{65175384-48D9-4EEE-B53A-2D53A545EF03}.Debug|Any CPU.ActiveCfg = Debug|Any CPU
		{65175384-48D9-4EEE-B53A-2D53A545EF03}.Debug|Any CPU.Build.0 = Debug|Any CPU
		{65175384-48D9-4EEE-B53A-2D53A545EF03}.Release|Any CPU.ActiveCfg = Release|Any CPU
		{65175384-48D9-4EEE-B53A-2D53A545EF03}.Release|Any CPU.Build.0 = Release|Any CPU
		{2E3D3663-FF06-40A5-A17D-322EA38A716B}.Debug|Any CPU.ActiveCfg = Debug|Any CPU
		{2E3D3663-FF06-40A5-A17D-322EA38A716B}.Debug|Any CPU.Build.0 = Debug|Any CPU
		{2E3D3663-FF06-40A5-A17D-322EA38A716B}.Release|Any CPU.ActiveCfg = Release|Any CPU
		{2E3D3663-FF06-40A5-A17D-322EA38A716B}.Release|Any CPU.Build.0 = Release|Any CPU
		{A2CD5415-E72B-4A64-A2D7-12B8BC4A23FE}.Debug|Any CPU.ActiveCfg = Debug|Any CPU
		{A2CD5415-E72B-4A64-A2D7-12B8BC4A23FE}.Debug|Any CPU.Build.0 = Debug|Any CPU
		{A2CD5415-E72B-4A64-A2D7-12B8BC4A23FE}.Release|Any CPU.ActiveCfg = Release|Any CPU
		{A2CD5415-E72B-4A64-A2D7-12B8BC4A23FE}.Release|Any CPU.Build.0 = Release|Any CPU
		{E5E4B627-0577-405C-BA19-152BA2157A6D}.Debug|Any CPU.ActiveCfg = Debug|Any CPU
		{E5E4B627-0577-405C-BA19-152BA2157A6D}.Debug|Any CPU.Build.0 = Debug|Any CPU
		{E5E4B627-0577-405C-BA19-152BA2157A6D}.Release|Any CPU.ActiveCfg = Release|Any CPU
		{E5E4B627-0577-405C-BA19-152BA2157A6D}.Release|Any CPU.Build.0 = Release|Any CPU
		{358815A9-07FE-4D7D-9EF5-0DC7D33FAE15}.Debug|Any CPU.ActiveCfg = Debug|Any CPU
		{358815A9-07FE-4D7D-9EF5-0DC7D33FAE15}.Debug|Any CPU.Build.0 = Debug|Any CPU
		{358815A9-07FE-4D7D-9EF5-0DC7D33FAE15}.Release|Any CPU.ActiveCfg = Release|Any CPU
		{358815A9-07FE-4D7D-9EF5-0DC7D33FAE15}.Release|Any CPU.Build.0 = Release|Any CPU
		{FD2965AF-856A-4080-98CC-F66CDD3CBBA2}.Debug|Any CPU.ActiveCfg = Debug|Any CPU
		{FD2965AF-856A-4080-98CC-F66CDD3CBBA2}.Debug|Any CPU.Build.0 = Debug|Any CPU
		{FD2965AF-856A-4080-98CC-F66CDD3CBBA2}.Release|Any CPU.ActiveCfg = Release|Any CPU
		{FD2965AF-856A-4080-98CC-F66CDD3CBBA2}.Release|Any CPU.Build.0 = Release|Any CPU
		{72FF6593-CC80-42F0-8C6B-65E7DDDAFB33}.Debug|Any CPU.ActiveCfg = Debug|Any CPU
		{72FF6593-CC80-42F0-8C6B-65E7DDDAFB33}.Debug|Any CPU.Build.0 = Debug|Any CPU
		{72FF6593-CC80-42F0-8C6B-65E7DDDAFB33}.Release|Any CPU.ActiveCfg = Release|Any CPU
		{72FF6593-CC80-42F0-8C6B-65E7DDDAFB33}.Release|Any CPU.Build.0 = Release|Any CPU
		{82065D00-B4CD-4AEC-A88D-C05ED3F3813E}.Debug|Any CPU.ActiveCfg = Debug|Any CPU
		{82065D00-B4CD-4AEC-A88D-C05ED3F3813E}.Debug|Any CPU.Build.0 = Debug|Any CPU
		{82065D00-B4CD-4AEC-A88D-C05ED3F3813E}.Release|Any CPU.ActiveCfg = Release|Any CPU
		{82065D00-B4CD-4AEC-A88D-C05ED3F3813E}.Release|Any CPU.Build.0 = Release|Any CPU
		{C456131A-15AF-4EC7-AAEF-9B8E0CFB8A24}.Debug|Any CPU.ActiveCfg = Debug|Any CPU
		{C456131A-15AF-4EC7-AAEF-9B8E0CFB8A24}.Debug|Any CPU.Build.0 = Debug|Any CPU
		{C456131A-15AF-4EC7-AAEF-9B8E0CFB8A24}.Release|Any CPU.ActiveCfg = Release|Any CPU
		{C456131A-15AF-4EC7-AAEF-9B8E0CFB8A24}.Release|Any CPU.Build.0 = Release|Any CPU
		{4D45250E-BE34-4395-A013-E2FBABA0C999}.Debug|Any CPU.ActiveCfg = Debug|Any CPU
		{4D45250E-BE34-4395-A013-E2FBABA0C999}.Debug|Any CPU.Build.0 = Debug|Any CPU
		{4D45250E-BE34-4395-A013-E2FBABA0C999}.Release|Any CPU.ActiveCfg = Release|Any CPU
		{4D45250E-BE34-4395-A013-E2FBABA0C999}.Release|Any CPU.Build.0 = Release|Any CPU
		{F3F55080-27FE-4CFC-9CC5-76413BD88D37}.Debug|Any CPU.ActiveCfg = Debug|Any CPU
		{F3F55080-27FE-4CFC-9CC5-76413BD88D37}.Debug|Any CPU.Build.0 = Debug|Any CPU
		{F3F55080-27FE-4CFC-9CC5-76413BD88D37}.Release|Any CPU.ActiveCfg = Release|Any CPU
		{F3F55080-27FE-4CFC-9CC5-76413BD88D37}.Release|Any CPU.Build.0 = Release|Any CPU
		{D3F74361-EF5A-468C-BA0E-B7BD1B33390F}.Debug|Any CPU.ActiveCfg = Debug|Any CPU
		{D3F74361-EF5A-468C-BA0E-B7BD1B33390F}.Debug|Any CPU.Build.0 = Debug|Any CPU
		{D3F74361-EF5A-468C-BA0E-B7BD1B33390F}.Release|Any CPU.ActiveCfg = Release|Any CPU
		{D3F74361-EF5A-468C-BA0E-B7BD1B33390F}.Release|Any CPU.Build.0 = Release|Any CPU
		{D9F4796E-88AE-478B-9D27-7EC85C530245}.Debug|Any CPU.ActiveCfg = Debug|Any CPU
		{D9F4796E-88AE-478B-9D27-7EC85C530245}.Debug|Any CPU.Build.0 = Debug|Any CPU
		{D9F4796E-88AE-478B-9D27-7EC85C530245}.Release|Any CPU.ActiveCfg = Release|Any CPU
		{D9F4796E-88AE-478B-9D27-7EC85C530245}.Release|Any CPU.Build.0 = Release|Any CPU
		{ACEAA207-B428-4D7D-96C4-13CF6F8A3226}.Debug|Any CPU.ActiveCfg = Debug|Any CPU
		{ACEAA207-B428-4D7D-96C4-13CF6F8A3226}.Debug|Any CPU.Build.0 = Debug|Any CPU
		{ACEAA207-B428-4D7D-96C4-13CF6F8A3226}.Release|Any CPU.ActiveCfg = Release|Any CPU
		{ACEAA207-B428-4D7D-96C4-13CF6F8A3226}.Release|Any CPU.Build.0 = Release|Any CPU
		{A8FDA4B8-03E8-4498-B451-EB7766162973}.Debug|Any CPU.ActiveCfg = Debug|Any CPU
		{A8FDA4B8-03E8-4498-B451-EB7766162973}.Debug|Any CPU.Build.0 = Debug|Any CPU
		{A8FDA4B8-03E8-4498-B451-EB7766162973}.Release|Any CPU.ActiveCfg = Release|Any CPU
		{A8FDA4B8-03E8-4498-B451-EB7766162973}.Release|Any CPU.Build.0 = Release|Any CPU
		{942EA6E7-5B62-484C-A34F-5652E4F3EA60}.Debug|Any CPU.ActiveCfg = Debug|Any CPU
		{942EA6E7-5B62-484C-A34F-5652E4F3EA60}.Debug|Any CPU.Build.0 = Debug|Any CPU
		{942EA6E7-5B62-484C-A34F-5652E4F3EA60}.Release|Any CPU.ActiveCfg = Release|Any CPU
		{942EA6E7-5B62-484C-A34F-5652E4F3EA60}.Release|Any CPU.Build.0 = Release|Any CPU
		{762D024A-E6E8-4CC6-82A1-98FA4BB70C52}.Debug|Any CPU.ActiveCfg = Debug|Any CPU
		{762D024A-E6E8-4CC6-82A1-98FA4BB70C52}.Debug|Any CPU.Build.0 = Debug|Any CPU
		{762D024A-E6E8-4CC6-82A1-98FA4BB70C52}.Release|Any CPU.ActiveCfg = Release|Any CPU
		{762D024A-E6E8-4CC6-82A1-98FA4BB70C52}.Release|Any CPU.Build.0 = Release|Any CPU
		{F71B89F4-68A8-4A9D-AE26-B1928A3A30F3}.Debug|Any CPU.ActiveCfg = Debug|Any CPU
		{F71B89F4-68A8-4A9D-AE26-B1928A3A30F3}.Debug|Any CPU.Build.0 = Debug|Any CPU
		{F71B89F4-68A8-4A9D-AE26-B1928A3A30F3}.Release|Any CPU.ActiveCfg = Release|Any CPU
		{F71B89F4-68A8-4A9D-AE26-B1928A3A30F3}.Release|Any CPU.Build.0 = Release|Any CPU
		{1E61647B-7F64-412B-9186-23FF0CD87E01}.Debug|Any CPU.ActiveCfg = Debug|Any CPU
		{1E61647B-7F64-412B-9186-23FF0CD87E01}.Debug|Any CPU.Build.0 = Debug|Any CPU
		{1E61647B-7F64-412B-9186-23FF0CD87E01}.Release|Any CPU.ActiveCfg = Release|Any CPU
		{1E61647B-7F64-412B-9186-23FF0CD87E01}.Release|Any CPU.Build.0 = Release|Any CPU
	EndGlobalSection
	GlobalSection(SolutionProperties) = preSolution
		HideSolutionNode = FALSE
	EndGlobalSection
	GlobalSection(NestedProjects) = preSolution
		{E9222A72-4796-45CB-A142-99098BBFBD0A} = {7FB0E900-7260-4D2B-B372-BEE897123CF7}
		{7FB0E900-7260-4D2B-B372-BEE897123CF7} = {EDB4BC7E-B4CA-4338-9C9A-9B5F9AF0937D}
		{4E075D54-BB36-4232-9ADA-66C58ACA48AA} = {EDB4BC7E-B4CA-4338-9C9A-9B5F9AF0937D}
		{96FCCD68-0779-485C-8A6F-770FD894EC05} = {EDB4BC7E-B4CA-4338-9C9A-9B5F9AF0937D}
		{34FD4102-8944-4C43-9F29-039E14A993F7} = {4E075D54-BB36-4232-9ADA-66C58ACA48AA}
		{65175384-48D9-4EEE-B53A-2D53A545EF03} = {96FCCD68-0779-485C-8A6F-770FD894EC05}
		{2E3D3663-FF06-40A5-A17D-322EA38A716B} = {7FB0E900-7260-4D2B-B372-BEE897123CF7}
		{A2CD5415-E72B-4A64-A2D7-12B8BC4A23FE} = {02B15720-20CB-4584-9408-191DD274F4C2}
		{6E915A27-7432-4148-9D54-72DFA471DED5} = {EDB4BC7E-B4CA-4338-9C9A-9B5F9AF0937D}
		{E5E4B627-0577-405C-BA19-152BA2157A6D} = {85786C88-3AFE-4B47-9A65-021B890850C3}
		{358815A9-07FE-4D7D-9EF5-0DC7D33FAE15} = {85786C88-3AFE-4B47-9A65-021B890850C3}
		{FD2965AF-856A-4080-98CC-F66CDD3CBBA2} = {85786C88-3AFE-4B47-9A65-021B890850C3}
		{72FF6593-CC80-42F0-8C6B-65E7DDDAFB33} = {85786C88-3AFE-4B47-9A65-021B890850C3}
		{82065D00-B4CD-4AEC-A88D-C05ED3F3813E} = {85786C88-3AFE-4B47-9A65-021B890850C3}
		{C456131A-15AF-4EC7-AAEF-9B8E0CFB8A24} = {85786C88-3AFE-4B47-9A65-021B890850C3}
		{4D45250E-BE34-4395-A013-E2FBABA0C999} = {85786C88-3AFE-4B47-9A65-021B890850C3}
		{F3F55080-27FE-4CFC-9CC5-76413BD88D37} = {85786C88-3AFE-4B47-9A65-021B890850C3}
		{D3F74361-EF5A-468C-BA0E-B7BD1B33390F} = {85786C88-3AFE-4B47-9A65-021B890850C3}
		{D9F4796E-88AE-478B-9D27-7EC85C530245} = {85786C88-3AFE-4B47-9A65-021B890850C3}
		{ACEAA207-B428-4D7D-96C4-13CF6F8A3226} = {85786C88-3AFE-4B47-9A65-021B890850C3}
		{A8FDA4B8-03E8-4498-B451-EB7766162973} = {85786C88-3AFE-4B47-9A65-021B890850C3}
		{942EA6E7-5B62-484C-A34F-5652E4F3EA60} = {85786C88-3AFE-4B47-9A65-021B890850C3}
		{762D024A-E6E8-4CC6-82A1-98FA4BB70C52} = {85786C88-3AFE-4B47-9A65-021B890850C3}
		{F71B89F4-68A8-4A9D-AE26-B1928A3A30F3} = {85786C88-3AFE-4B47-9A65-021B890850C3}
		{1E61647B-7F64-412B-9186-23FF0CD87E01} = {85786C88-3AFE-4B47-9A65-021B890850C3}
	EndGlobalSection
	GlobalSection(ExtensibilityGlobals) = postSolution
		SolutionGuid = {3DB24822-51DE-45B5-863E-4C5996C42B5E}
	EndGlobalSection
EndGlobal
