
Microsoft Visual Studio Solution File, Format Version 12.00
# Visual Studio 15
VisualStudioVersion = 15.0.27130.2020
MinimumVisualStudioVersion = 10.0.40219.1
Project("{2150E333-8FDC-42A3-9474-1A3956D46DE8}") = "Tests", "Tests", "{9F6B4E06-2442-4105-A1FC-33BB64190A9E}"
EndProject
Project("{9A19103F-16F7-4668-BE54-9A1E7A4F7556}") = "Console.AOP.ErrorHandler.Core", "Console.AOP.ErrorHandler.Core\Console.AOP.ErrorHandler.Core.csproj", "{50DC155D-96DF-4360-8C09-4AED9D772877}"
EndProject
Project("{9A19103F-16F7-4668-BE54-9A1E7A4F7556}") = "Services.AOP.ErrorHandler.Core", "Services.AOP.ErrorHandler.Core\Services.AOP.ErrorHandler.Core.csproj", "{95FCC72A-E2E3-4EA6-A501-4B1CCCD9D20B}"
EndProject
Project("{9A19103F-16F7-4668-BE54-9A1E7A4F7556}") = "AOP.ErrorHandler.Core", "AOP.ErrorHandler.Core\AOP.ErrorHandler.Core.csproj", "{7DAABFA8-423F-46A9-8283-0BE0B1007F8E}"
EndProject
Global
	GlobalSection(SolutionConfigurationPlatforms) = preSolution
		Debug|Any CPU = Debug|Any CPU
		Release|Any CPU = Release|Any CPU
	EndGlobalSection
	GlobalSection(ProjectConfigurationPlatforms) = postSolution
		{50DC155D-96DF-4360-8C09-4AED9D772877}.Debug|Any CPU.ActiveCfg = Debug|Any CPU
		{50DC155D-96DF-4360-8C09-4AED9D772877}.Debug|Any CPU.Build.0 = Debug|Any CPU
		{50DC155D-96DF-4360-8C09-4AED9D772877}.Release|Any CPU.ActiveCfg = Release|Any CPU
		{50DC155D-96DF-4360-8C09-4AED9D772877}.Release|Any CPU.Build.0 = Release|Any CPU
		{95FCC72A-E2E3-4EA6-A501-4B1CCCD9D20B}.Debug|Any CPU.ActiveCfg = Debug|Any CPU
		{95FCC72A-E2E3-4EA6-A501-4B1CCCD9D20B}.Debug|Any CPU.Build.0 = Debug|Any CPU
		{95FCC72A-E2E3-4EA6-A501-4B1CCCD9D20B}.Release|Any CPU.ActiveCfg = Release|Any CPU
		{95FCC72A-E2E3-4EA6-A501-4B1CCCD9D20B}.Release|Any CPU.Build.0 = Release|Any CPU
		{7DAABFA8-423F-46A9-8283-0BE0B1007F8E}.Debug|Any CPU.ActiveCfg = Debug|Any CPU
		{7DAABFA8-423F-46A9-8283-0BE0B1007F8E}.Debug|Any CPU.Build.0 = Debug|Any CPU
		{7DAABFA8-423F-46A9-8283-0BE0B1007F8E}.Release|Any CPU.ActiveCfg = Release|Any CPU
		{7DAABFA8-423F-46A9-8283-0BE0B1007F8E}.Release|Any CPU.Build.0 = Release|Any CPU
	EndGlobalSection
	GlobalSection(SolutionProperties) = preSolution
		HideSolutionNode = FALSE
	EndGlobalSection
	GlobalSection(NestedProjects) = preSolution
		{50DC155D-96DF-4360-8C09-4AED9D772877} = {9F6B4E06-2442-4105-A1FC-33BB64190A9E}
		{95FCC72A-E2E3-4EA6-A501-4B1CCCD9D20B} = {9F6B4E06-2442-4105-A1FC-33BB64190A9E}
	EndGlobalSection
	GlobalSection(ExtensibilityGlobals) = postSolution
		EnterpriseLibraryConfigurationToolBinariesPathV6 = packages\EnterpriseLibrary.Common.6.0.1304.0\lib\NET45;packages\EnterpriseLibrary.Logging.6.0.1304.0\lib\NET45
		SolutionGuid = {970EDB4E-5270-4F43-B5B9-6E48850913B0}
	EndGlobalSection
EndGlobal
