
Microsoft Visual Studio Solution File, Format Version 12.00
# Visual Studio 15
VisualStudioVersion = 15.0.27703.2035
MinimumVisualStudioVersion = 10.0.40219.1
Project("{9A19103F-16F7-4668-BE54-9A1E7A4F7556}") = "Devon4Net.Infrastructure.ApplicationUser", "src\Devon4Net.Infrastructure.ApplicationUser.csproj", "{ECC2C641-2698-4A88-8D6A-BDD10F26DD94}"
EndProject
Global
	GlobalSection(SolutionConfigurationPlatforms) = preSolution
		Debug|Any CPU = Debug|Any CPU
		Release|Any CPU = Release|Any CPU
	EndGlobalSection
	GlobalSection(ProjectConfigurationPlatforms) = postSolution
		{ECC2C641-2698-4A88-8D6A-BDD10F26DD94}.Debug|Any CPU.ActiveCfg = Debug|Any CPU
		{ECC2C641-2698-4A88-8D6A-BDD10F26DD94}.Debug|Any CPU.Build.0 = Debug|Any CPU
		{ECC2C641-2698-4A88-8D6A-BDD10F26DD94}.Release|Any CPU.ActiveCfg = Release|Any CPU
		{ECC2C641-2698-4A88-8D6A-BDD10F26DD94}.Release|Any CPU.Build.0 = Release|Any CPU
	EndGlobalSection
	GlobalSection(SolutionProperties) = preSolution
		HideSolutionNode = FALSE
	EndGlobalSection
	GlobalSection(ExtensibilityGlobals) = postSolution
		SolutionGuid = {C0813BE9-DE71-491D-9E58-6D1CBEE6050D}
	EndGlobalSection
EndGlobal
