
Microsoft Visual Studio Solution File, Format Version 12.00
# Visual Studio 15
VisualStudioVersion = 15.0.27703.2035
MinimumVisualStudioVersion = 10.0.40219.1
Project("{9A19103F-16F7-4668-BE54-9A1E7A4F7556}") = "Devon4Net.Infrastructure.Communication", "src\Devon4Net.Infrastructure.Communication.csproj", "{1CB6065B-1350-475A-B1C9-785C2CEA183C}"
EndProject
Global
	GlobalSection(SolutionConfigurationPlatforms) = preSolution
		Debug|Any CPU = Debug|Any CPU
		Release|Any CPU = Release|Any CPU
	EndGlobalSection
	GlobalSection(ProjectConfigurationPlatforms) = postSolution
		{1CB6065B-1350-475A-B1C9-785C2CEA183C}.Debug|Any CPU.ActiveCfg = Debug|Any CPU
		{1CB6065B-1350-475A-B1C9-785C2CEA183C}.Debug|Any CPU.Build.0 = Debug|Any CPU
		{1CB6065B-1350-475A-B1C9-785C2CEA183C}.Release|Any CPU.ActiveCfg = Release|Any CPU
		{1CB6065B-1350-475A-B1C9-785C2CEA183C}.Release|Any CPU.Build.0 = Release|Any CPU
	EndGlobalSection
	GlobalSection(SolutionProperties) = preSolution
		HideSolutionNode = FALSE
	EndGlobalSection
	GlobalSection(ExtensibilityGlobals) = postSolution
		SolutionGuid = {84A2C27C-3FFB-46EB-A787-451F2C59ED35}
	EndGlobalSection
EndGlobal
